// !$*UTF8*$!
{
	archiveVersion = 1;
	classes = {
	};
	objectVersion = 56;
	objects = {

/* Begin PBXBuildFile section */
		910B92422962D94F00CE6912 /* FoozyApp.swift in Sources */ = {isa = PBXBuildFile; fileRef = 910B92412962D94F00CE6912 /* FoozyApp.swift */; };
		910B92442962D94F00CE6912 /* ContentView.swift in Sources */ = {isa = PBXBuildFile; fileRef = 910B92432962D94F00CE6912 /* ContentView.swift */; };
		910B92462962D95100CE6912 /* Assets.xcassets in Resources */ = {isa = PBXBuildFile; fileRef = 910B92452962D95100CE6912 /* Assets.xcassets */; };
		910B92492962D95100CE6912 /* Preview Assets.xcassets in Resources */ = {isa = PBXBuildFile; fileRef = 910B92482962D95100CE6912 /* Preview Assets.xcassets */; };
		910B92532962D95100CE6912 /* FoozyTests.swift in Sources */ = {isa = PBXBuildFile; fileRef = 910B92522962D95100CE6912 /* FoozyTests.swift */; };
		910B925D2962D95100CE6912 /* FoozyUITests.swift in Sources */ = {isa = PBXBuildFile; fileRef = 910B925C2962D95100CE6912 /* FoozyUITests.swift */; };
		910B925F2962D95100CE6912 /* FoozyUITestsLaunchTests.swift in Sources */ = {isa = PBXBuildFile; fileRef = 910B925E2962D95100CE6912 /* FoozyUITestsLaunchTests.swift */; };
		910B926D2963BCDF00CE6912 /* StarsView.swift in Sources */ = {isa = PBXBuildFile; fileRef = 910B926C2963BCDF00CE6912 /* StarsView.swift */; };
		910B92702963D28900CE6912 /* Card.swift in Sources */ = {isa = PBXBuildFile; fileRef = 910B926F2963D28900CE6912 /* Card.swift */; };
		910B927329640B4400CE6912 /* HomeViewModel.swift in Sources */ = {isa = PBXBuildFile; fileRef = 910B927229640B4400CE6912 /* HomeViewModel.swift */; };
		910B927829640E9200CE6912 /* CardView.swift in Sources */ = {isa = PBXBuildFile; fileRef = 910B927729640E9200CE6912 /* CardView.swift */; };
		910B927A296BCF3E00CE6912 /* ErrorView.swift in Sources */ = {isa = PBXBuildFile; fileRef = 910B9279296BCF3E00CE6912 /* ErrorView.swift */; };
		910B927C296C01EC00CE6912 /* DetailViewModel.swift in Sources */ = {isa = PBXBuildFile; fileRef = 910B927B296C01EC00CE6912 /* DetailViewModel.swift */; };
		91A3B7EC297231350066A4E1 /* DetailModal.swift in Sources */ = {isa = PBXBuildFile; fileRef = 91A3B7EB297231350066A4E1 /* DetailModal.swift */; };
		91B136AA296FA05100AE24CB /* BusinessesData.swift in Sources */ = {isa = PBXBuildFile; fileRef = 91B136A9296FA05100AE24CB /* BusinessesData.swift */; };
		91B90D2129810D1800CB0127 /* BusinessDetail.swift in Sources */ = {isa = PBXBuildFile; fileRef = 91B90D2029810D1800CB0127 /* BusinessDetail.swift */; };
/* End PBXBuildFile section */

/* Begin PBXContainerItemProxy section */
		910B924F2962D95100CE6912 /* PBXContainerItemProxy */ = {
			isa = PBXContainerItemProxy;
			containerPortal = 910B92362962D94F00CE6912 /* Project object */;
			proxyType = 1;
			remoteGlobalIDString = 910B923D2962D94F00CE6912;
			remoteInfo = Foozy;
		};
		910B92592962D95100CE6912 /* PBXContainerItemProxy */ = {
			isa = PBXContainerItemProxy;
			containerPortal = 910B92362962D94F00CE6912 /* Project object */;
			proxyType = 1;
			remoteGlobalIDString = 910B923D2962D94F00CE6912;
			remoteInfo = Foozy;
		};
/* End PBXContainerItemProxy section */

/* Begin PBXFileReference section */
		910B923E2962D94F00CE6912 /* Foozy.app */ = {isa = PBXFileReference; explicitFileType = wrapper.application; includeInIndex = 0; path = Foozy.app; sourceTree = BUILT_PRODUCTS_DIR; };
		910B92412962D94F00CE6912 /* FoozyApp.swift */ = {isa = PBXFileReference; lastKnownFileType = sourcecode.swift; path = FoozyApp.swift; sourceTree = "<group>"; };
		910B92432962D94F00CE6912 /* ContentView.swift */ = {isa = PBXFileReference; lastKnownFileType = sourcecode.swift; path = ContentView.swift; sourceTree = "<group>"; };
		910B92452962D95100CE6912 /* Assets.xcassets */ = {isa = PBXFileReference; lastKnownFileType = folder.assetcatalog; path = Assets.xcassets; sourceTree = "<group>"; };
		910B92482962D95100CE6912 /* Preview Assets.xcassets */ = {isa = PBXFileReference; lastKnownFileType = folder.assetcatalog; path = "Preview Assets.xcassets"; sourceTree = "<group>"; };
		910B924E2962D95100CE6912 /* FoozyTests.xctest */ = {isa = PBXFileReference; explicitFileType = wrapper.cfbundle; includeInIndex = 0; path = FoozyTests.xctest; sourceTree = BUILT_PRODUCTS_DIR; };
		910B92522962D95100CE6912 /* FoozyTests.swift */ = {isa = PBXFileReference; lastKnownFileType = sourcecode.swift; path = FoozyTests.swift; sourceTree = "<group>"; };
		910B92582962D95100CE6912 /* FoozyUITests.xctest */ = {isa = PBXFileReference; explicitFileType = wrapper.cfbundle; includeInIndex = 0; path = FoozyUITests.xctest; sourceTree = BUILT_PRODUCTS_DIR; };
		910B925C2962D95100CE6912 /* FoozyUITests.swift */ = {isa = PBXFileReference; lastKnownFileType = sourcecode.swift; path = FoozyUITests.swift; sourceTree = "<group>"; };
		910B925E2962D95100CE6912 /* FoozyUITestsLaunchTests.swift */ = {isa = PBXFileReference; lastKnownFileType = sourcecode.swift; path = FoozyUITestsLaunchTests.swift; sourceTree = "<group>"; };
		910B926C2963BCDF00CE6912 /* StarsView.swift */ = {isa = PBXFileReference; lastKnownFileType = sourcecode.swift; path = StarsView.swift; sourceTree = "<group>"; };
		910B926F2963D28900CE6912 /* Card.swift */ = {isa = PBXFileReference; lastKnownFileType = sourcecode.swift; path = Card.swift; sourceTree = "<group>"; };
		910B927229640B4400CE6912 /* HomeViewModel.swift */ = {isa = PBXFileReference; lastKnownFileType = sourcecode.swift; path = HomeViewModel.swift; sourceTree = "<group>"; };
		910B927729640E9200CE6912 /* CardView.swift */ = {isa = PBXFileReference; lastKnownFileType = sourcecode.swift; path = CardView.swift; sourceTree = "<group>"; };
		910B9279296BCF3E00CE6912 /* ErrorView.swift */ = {isa = PBXFileReference; lastKnownFileType = sourcecode.swift; path = ErrorView.swift; sourceTree = "<group>"; };
		910B927B296C01EC00CE6912 /* DetailViewModel.swift */ = {isa = PBXFileReference; lastKnownFileType = sourcecode.swift; path = DetailViewModel.swift; sourceTree = "<group>"; };
		910B927E296D5DFF00CE6912 /* Config.xcconfig */ = {isa = PBXFileReference; lastKnownFileType = text.xcconfig; path = Config.xcconfig; sourceTree = "<group>"; };
		910B927F296D63F600CE6912 /* Info.plist */ = {isa = PBXFileReference; lastKnownFileType = text.plist; path = Info.plist; sourceTree = "<group>"; };
		91A3B7EB297231350066A4E1 /* DetailModal.swift */ = {isa = PBXFileReference; lastKnownFileType = sourcecode.swift; path = DetailModal.swift; sourceTree = "<group>"; };
		91B136A9296FA05100AE24CB /* BusinessesData.swift */ = {isa = PBXFileReference; lastKnownFileType = sourcecode.swift; path = BusinessesData.swift; sourceTree = "<group>"; };
		91B90D2029810D1800CB0127 /* BusinessDetail.swift */ = {isa = PBXFileReference; lastKnownFileType = sourcecode.swift; path = BusinessDetail.swift; sourceTree = "<group>"; };
/* End PBXFileReference section */

/* Begin PBXFrameworksBuildPhase section */
		910B923B2962D94F00CE6912 /* Frameworks */ = {
			isa = PBXFrameworksBuildPhase;
			buildActionMask = 2147483647;
			files = (
			);
			runOnlyForDeploymentPostprocessing = 0;
		};
		910B924B2962D95100CE6912 /* Frameworks */ = {
			isa = PBXFrameworksBuildPhase;
			buildActionMask = 2147483647;
			files = (
			);
			runOnlyForDeploymentPostprocessing = 0;
		};
		910B92552962D95100CE6912 /* Frameworks */ = {
			isa = PBXFrameworksBuildPhase;
			buildActionMask = 2147483647;
			files = (
			);
			runOnlyForDeploymentPostprocessing = 0;
		};
/* End PBXFrameworksBuildPhase section */

/* Begin PBXGroup section */
		910B92352962D94F00CE6912 = {
			isa = PBXGroup;
			children = (
				910B927D296D5DA900CE6912 /* APIKeys */,
				910B92402962D94F00CE6912 /* Foozy */,
				910B92512962D95100CE6912 /* FoozyTests */,
				910B925B2962D95100CE6912 /* FoozyUITests */,
				910B923F2962D94F00CE6912 /* Products */,
			);
			sourceTree = "<group>";
		};
		910B923F2962D94F00CE6912 /* Products */ = {
			isa = PBXGroup;
			children = (
				910B923E2962D94F00CE6912 /* Foozy.app */,
				910B924E2962D95100CE6912 /* FoozyTests.xctest */,
				910B92582962D95100CE6912 /* FoozyUITests.xctest */,
			);
			name = Products;
			sourceTree = "<group>";
		};
		910B92402962D94F00CE6912 /* Foozy */ = {
			isa = PBXGroup;
			children = (
				910B927F296D63F600CE6912 /* Info.plist */,
				910B927429640E1E00CE6912 /* Views */,
				910B927129640B3700CE6912 /* ViewModel */,
				910B926E2963D26E00CE6912 /* Models */,
				910B926B2963BCCA00CE6912 /* Helpers */,
				910B92412962D94F00CE6912 /* FoozyApp.swift */,
				910B92452962D95100CE6912 /* Assets.xcassets */,
				910B92472962D95100CE6912 /* Preview Content */,
			);
			path = Foozy;
			sourceTree = "<group>";
		};
		910B92472962D95100CE6912 /* Preview Content */ = {
			isa = PBXGroup;
			children = (
				910B92482962D95100CE6912 /* Preview Assets.xcassets */,
			);
			path = "Preview Content";
			sourceTree = "<group>";
		};
		910B92512962D95100CE6912 /* FoozyTests */ = {
			isa = PBXGroup;
			children = (
				910B92522962D95100CE6912 /* FoozyTests.swift */,
			);
			path = FoozyTests;
			sourceTree = "<group>";
		};
		910B925B2962D95100CE6912 /* FoozyUITests */ = {
			isa = PBXGroup;
			children = (
				910B925C2962D95100CE6912 /* FoozyUITests.swift */,
				910B925E2962D95100CE6912 /* FoozyUITestsLaunchTests.swift */,
			);
			path = FoozyUITests;
			sourceTree = "<group>";
		};
		910B926B2963BCCA00CE6912 /* Helpers */ = {
			isa = PBXGroup;
			children = (
				910B9279296BCF3E00CE6912 /* ErrorView.swift */,
			);
			path = Helpers;
			sourceTree = "<group>";
		};
		910B926E2963D26E00CE6912 /* Models */ = {
			isa = PBXGroup;
			children = (
				91B90D1F29810CE200CB0127 /* Decodable */,
				910B926F2963D28900CE6912 /* Card.swift */,
				91B90D2029810D1800CB0127 /* BusinessDetail.swift */,
			);
			path = Models;
			sourceTree = "<group>";
		};
		910B927129640B3700CE6912 /* ViewModel */ = {
			isa = PBXGroup;
			children = (
				910B927229640B4400CE6912 /* HomeViewModel.swift */,
				910B927B296C01EC00CE6912 /* DetailViewModel.swift */,
			);
			path = ViewModel;
			sourceTree = "<group>";
		};
		910B927429640E1E00CE6912 /* Views */ = {
			isa = PBXGroup;
			children = (
				910B926C2963BCDF00CE6912 /* StarsView.swift */,
				910B92432962D94F00CE6912 /* ContentView.swift */,
				910B927729640E9200CE6912 /* CardView.swift */,
				91A3B7EB297231350066A4E1 /* DetailModal.swift */,
			);
			path = Views;
			sourceTree = "<group>";
		};
		910B927D296D5DA900CE6912 /* APIKeys */ = {
			isa = PBXGroup;
			children = (
				910B927E296D5DFF00CE6912 /* Config.xcconfig */,
			);
			path = APIKeys;
			sourceTree = "<group>";
		};
		91B90D1F29810CE200CB0127 /* Decodable */ = {
			isa = PBXGroup;
			children = (
				91B136A9296FA05100AE24CB /* BusinessesData.swift */,
			);
			path = Decodable;
			sourceTree = "<group>";
		};
/* End PBXGroup section */

/* Begin PBXNativeTarget section */
		910B923D2962D94F00CE6912 /* Foozy */ = {
			isa = PBXNativeTarget;
			buildConfigurationList = 910B92622962D95100CE6912 /* Build configuration list for PBXNativeTarget "Foozy" */;
			buildPhases = (
				910B923A2962D94F00CE6912 /* Sources */,
				910B923B2962D94F00CE6912 /* Frameworks */,
				910B923C2962D94F00CE6912 /* Resources */,
			);
			buildRules = (
			);
			dependencies = (
			);
			name = Foozy;
			productName = Foozy;
			productReference = 910B923E2962D94F00CE6912 /* Foozy.app */;
			productType = "com.apple.product-type.application";
		};
		910B924D2962D95100CE6912 /* FoozyTests */ = {
			isa = PBXNativeTarget;
			buildConfigurationList = 910B92652962D95100CE6912 /* Build configuration list for PBXNativeTarget "FoozyTests" */;
			buildPhases = (
				910B924A2962D95100CE6912 /* Sources */,
				910B924B2962D95100CE6912 /* Frameworks */,
				910B924C2962D95100CE6912 /* Resources */,
			);
			buildRules = (
			);
			dependencies = (
				910B92502962D95100CE6912 /* PBXTargetDependency */,
			);
			name = FoozyTests;
			productName = FoozyTests;
			productReference = 910B924E2962D95100CE6912 /* FoozyTests.xctest */;
			productType = "com.apple.product-type.bundle.unit-test";
		};
		910B92572962D95100CE6912 /* FoozyUITests */ = {
			isa = PBXNativeTarget;
			buildConfigurationList = 910B92682962D95100CE6912 /* Build configuration list for PBXNativeTarget "FoozyUITests" */;
			buildPhases = (
				910B92542962D95100CE6912 /* Sources */,
				910B92552962D95100CE6912 /* Frameworks */,
				910B92562962D95100CE6912 /* Resources */,
			);
			buildRules = (
			);
			dependencies = (
				910B925A2962D95100CE6912 /* PBXTargetDependency */,
			);
			name = FoozyUITests;
			productName = FoozyUITests;
			productReference = 910B92582962D95100CE6912 /* FoozyUITests.xctest */;
			productType = "com.apple.product-type.bundle.ui-testing";
		};
/* End PBXNativeTarget section */

/* Begin PBXProject section */
		910B92362962D94F00CE6912 /* Project object */ = {
			isa = PBXProject;
			attributes = {
				BuildIndependentTargetsInParallel = 1;
				LastSwiftUpdateCheck = 1420;
				LastUpgradeCheck = 1420;
				TargetAttributes = {
					910B923D2962D94F00CE6912 = {
						CreatedOnToolsVersion = 14.2;
					};
					910B924D2962D95100CE6912 = {
						CreatedOnToolsVersion = 14.2;
						TestTargetID = 910B923D2962D94F00CE6912;
					};
					910B92572962D95100CE6912 = {
						CreatedOnToolsVersion = 14.2;
						TestTargetID = 910B923D2962D94F00CE6912;
					};
				};
			};
			buildConfigurationList = 910B92392962D94F00CE6912 /* Build configuration list for PBXProject "Foozy" */;
			compatibilityVersion = "Xcode 14.0";
			developmentRegion = en;
			hasScannedForEncodings = 0;
			knownRegions = (
				en,
				Base,
			);
			mainGroup = 910B92352962D94F00CE6912;
			productRefGroup = 910B923F2962D94F00CE6912 /* Products */;
			projectDirPath = "";
			projectRoot = "";
			targets = (
				910B923D2962D94F00CE6912 /* Foozy */,
				910B924D2962D95100CE6912 /* FoozyTests */,
				910B92572962D95100CE6912 /* FoozyUITests */,
			);
		};
/* End PBXProject section */

/* Begin PBXResourcesBuildPhase section */
		910B923C2962D94F00CE6912 /* Resources */ = {
			isa = PBXResourcesBuildPhase;
			buildActionMask = 2147483647;
			files = (
				910B92492962D95100CE6912 /* Preview Assets.xcassets in Resources */,
				910B92462962D95100CE6912 /* Assets.xcassets in Resources */,
			);
			runOnlyForDeploymentPostprocessing = 0;
		};
		910B924C2962D95100CE6912 /* Resources */ = {
			isa = PBXResourcesBuildPhase;
			buildActionMask = 2147483647;
			files = (
			);
			runOnlyForDeploymentPostprocessing = 0;
		};
		910B92562962D95100CE6912 /* Resources */ = {
			isa = PBXResourcesBuildPhase;
			buildActionMask = 2147483647;
			files = (
			);
			runOnlyForDeploymentPostprocessing = 0;
		};
/* End PBXResourcesBuildPhase section */

/* Begin PBXSourcesBuildPhase section */
		910B923A2962D94F00CE6912 /* Sources */ = {
			isa = PBXSourcesBuildPhase;
			buildActionMask = 2147483647;
			files = (
				910B927329640B4400CE6912 /* HomeViewModel.swift in Sources */,
				910B92442962D94F00CE6912 /* ContentView.swift in Sources */,
				910B92422962D94F00CE6912 /* FoozyApp.swift in Sources */,
				910B926D2963BCDF00CE6912 /* StarsView.swift in Sources */,
				91A3B7EC297231350066A4E1 /* DetailModal.swift in Sources */,
				910B927C296C01EC00CE6912 /* DetailViewModel.swift in Sources */,
				910B927A296BCF3E00CE6912 /* ErrorView.swift in Sources */,
				91B136AA296FA05100AE24CB /* BusinessesData.swift in Sources */,
				910B927829640E9200CE6912 /* CardView.swift in Sources */,
				91B90D2129810D1800CB0127 /* BusinessDetail.swift in Sources */,
				910B92702963D28900CE6912 /* Card.swift in Sources */,
			);
			runOnlyForDeploymentPostprocessing = 0;
		};
		910B924A2962D95100CE6912 /* Sources */ = {
			isa = PBXSourcesBuildPhase;
			buildActionMask = 2147483647;
			files = (
				910B92532962D95100CE6912 /* FoozyTests.swift in Sources */,
			);
			runOnlyForDeploymentPostprocessing = 0;
		};
		910B92542962D95100CE6912 /* Sources */ = {
			isa = PBXSourcesBuildPhase;
			buildActionMask = 2147483647;
			files = (
				910B925F2962D95100CE6912 /* FoozyUITestsLaunchTests.swift in Sources */,
				910B925D2962D95100CE6912 /* FoozyUITests.swift in Sources */,
			);
			runOnlyForDeploymentPostprocessing = 0;
		};
/* End PBXSourcesBuildPhase section */

/* Begin PBXTargetDependency section */
		910B92502962D95100CE6912 /* PBXTargetDependency */ = {
			isa = PBXTargetDependency;
			target = 910B923D2962D94F00CE6912 /* Foozy */;
			targetProxy = 910B924F2962D95100CE6912 /* PBXContainerItemProxy */;
		};
		910B925A2962D95100CE6912 /* PBXTargetDependency */ = {
			isa = PBXTargetDependency;
			target = 910B923D2962D94F00CE6912 /* Foozy */;
			targetProxy = 910B92592962D95100CE6912 /* PBXContainerItemProxy */;
		};
/* End PBXTargetDependency section */

/* Begin XCBuildConfiguration section */
		910B92602962D95100CE6912 /* Debug */ = {
			isa = XCBuildConfiguration;
			baseConfigurationReference = 910B927E296D5DFF00CE6912 /* Config.xcconfig */;
			buildSettings = {
				ALWAYS_SEARCH_USER_PATHS = NO;
				CLANG_ANALYZER_NONNULL = YES;
				CLANG_ANALYZER_NUMBER_OBJECT_CONVERSION = YES_AGGRESSIVE;
				CLANG_CXX_LANGUAGE_STANDARD = "gnu++20";
				CLANG_ENABLE_MODULES = YES;
				CLANG_ENABLE_OBJC_ARC = YES;
				CLANG_ENABLE_OBJC_WEAK = YES;
				CLANG_WARN_BLOCK_CAPTURE_AUTORELEASING = YES;
				CLANG_WARN_BOOL_CONVERSION = YES;
				CLANG_WARN_COMMA = YES;
				CLANG_WARN_CONSTANT_CONVERSION = YES;
				CLANG_WARN_DEPRECATED_OBJC_IMPLEMENTATIONS = YES;
				CLANG_WARN_DIRECT_OBJC_ISA_USAGE = YES_ERROR;
				CLANG_WARN_DOCUMENTATION_COMMENTS = YES;
				CLANG_WARN_EMPTY_BODY = YES;
				CLANG_WARN_ENUM_CONVERSION = YES;
				CLANG_WARN_INFINITE_RECURSION = YES;
				CLANG_WARN_INT_CONVERSION = YES;
				CLANG_WARN_NON_LITERAL_NULL_CONVERSION = YES;
				CLANG_WARN_OBJC_IMPLICIT_RETAIN_SELF = YES;
				CLANG_WARN_OBJC_LITERAL_CONVERSION = YES;
				CLANG_WARN_OBJC_ROOT_CLASS = YES_ERROR;
				CLANG_WARN_QUOTED_INCLUDE_IN_FRAMEWORK_HEADER = YES;
				CLANG_WARN_RANGE_LOOP_ANALYSIS = YES;
				CLANG_WARN_STRICT_PROTOTYPES = YES;
				CLANG_WARN_SUSPICIOUS_MOVE = YES;
				CLANG_WARN_UNGUARDED_AVAILABILITY = YES_AGGRESSIVE;
				CLANG_WARN_UNREACHABLE_CODE = YES;
				CLANG_WARN__DUPLICATE_METHOD_MATCH = YES;
				COPY_PHASE_STRIP = NO;
				DEBUG_INFORMATION_FORMAT = dwarf;
				ENABLE_STRICT_OBJC_MSGSEND = YES;
				ENABLE_TESTABILITY = YES;
				GCC_C_LANGUAGE_STANDARD = gnu11;
				GCC_DYNAMIC_NO_PIC = NO;
				GCC_NO_COMMON_BLOCKS = YES;
				GCC_OPTIMIZATION_LEVEL = 0;
				GCC_PREPROCESSOR_DEFINITIONS = (
					"DEBUG=1",
					"$(inherited)",
				);
				GCC_WARN_64_TO_32_BIT_CONVERSION = YES;
				GCC_WARN_ABOUT_RETURN_TYPE = YES_ERROR;
				GCC_WARN_UNDECLARED_SELECTOR = YES;
				GCC_WARN_UNINITIALIZED_AUTOS = YES_AGGRESSIVE;
				GCC_WARN_UNUSED_FUNCTION = YES;
				GCC_WARN_UNUSED_VARIABLE = YES;
				IPHONEOS_DEPLOYMENT_TARGET = 15.0;
				MTL_ENABLE_DEBUG_INFO = INCLUDE_SOURCE;
				MTL_FAST_MATH = YES;
				ONLY_ACTIVE_ARCH = YES;
				SDKROOT = iphoneos;
				SWIFT_ACTIVE_COMPILATION_CONDITIONS = DEBUG;
				SWIFT_OPTIMIZATION_LEVEL = "-Onone";
			};
			name = Debug;
		};
		910B92612962D95100CE6912 /* Release */ = {
			isa = XCBuildConfiguration;
			baseConfigurationReference = 910B927E296D5DFF00CE6912 /* Config.xcconfig */;
			buildSettings = {
				ALWAYS_SEARCH_USER_PATHS = NO;
				CLANG_ANALYZER_NONNULL = YES;
				CLANG_ANALYZER_NUMBER_OBJECT_CONVERSION = YES_AGGRESSIVE;
				CLANG_CXX_LANGUAGE_STANDARD = "gnu++20";
				CLANG_ENABLE_MODULES = YES;
				CLANG_ENABLE_OBJC_ARC = YES;
				CLANG_ENABLE_OBJC_WEAK = YES;
				CLANG_WARN_BLOCK_CAPTURE_AUTORELEASING = YES;
				CLANG_WARN_BOOL_CONVERSION = YES;
				CLANG_WARN_COMMA = YES;
				CLANG_WARN_CONSTANT_CONVERSION = YES;
				CLANG_WARN_DEPRECATED_OBJC_IMPLEMENTATIONS = YES;
				CLANG_WARN_DIRECT_OBJC_ISA_USAGE = YES_ERROR;
				CLANG_WARN_DOCUMENTATION_COMMENTS = YES;
				CLANG_WARN_EMPTY_BODY = YES;
				CLANG_WARN_ENUM_CONVERSION = YES;
				CLANG_WARN_INFINITE_RECURSION = YES;
				CLANG_WARN_INT_CONVERSION = YES;
				CLANG_WARN_NON_LITERAL_NULL_CONVERSION = YES;
				CLANG_WARN_OBJC_IMPLICIT_RETAIN_SELF = YES;
				CLANG_WARN_OBJC_LITERAL_CONVERSION = YES;
				CLANG_WARN_OBJC_ROOT_CLASS = YES_ERROR;
				CLANG_WARN_QUOTED_INCLUDE_IN_FRAMEWORK_HEADER = YES;
				CLANG_WARN_RANGE_LOOP_ANALYSIS = YES;
				CLANG_WARN_STRICT_PROTOTYPES = YES;
				CLANG_WARN_SUSPICIOUS_MOVE = YES;
				CLANG_WARN_UNGUARDED_AVAILABILITY = YES_AGGRESSIVE;
				CLANG_WARN_UNREACHABLE_CODE = YES;
				CLANG_WARN__DUPLICATE_METHOD_MATCH = YES;
				COPY_PHASE_STRIP = NO;
				DEBUG_INFORMATION_FORMAT = "dwarf-with-dsym";
				ENABLE_NS_ASSERTIONS = NO;
				ENABLE_STRICT_OBJC_MSGSEND = YES;
				GCC_C_LANGUAGE_STANDARD = gnu11;
				GCC_NO_COMMON_BLOCKS = YES;
				GCC_WARN_64_TO_32_BIT_CONVERSION = YES;
				GCC_WARN_ABOUT_RETURN_TYPE = YES_ERROR;
				GCC_WARN_UNDECLARED_SELECTOR = YES;
				GCC_WARN_UNINITIALIZED_AUTOS = YES_AGGRESSIVE;
				GCC_WARN_UNUSED_FUNCTION = YES;
				GCC_WARN_UNUSED_VARIABLE = YES;
				IPHONEOS_DEPLOYMENT_TARGET = 15.0;
				MTL_ENABLE_DEBUG_INFO = NO;
				MTL_FAST_MATH = YES;
				SDKROOT = iphoneos;
				SWIFT_COMPILATION_MODE = wholemodule;
				SWIFT_OPTIMIZATION_LEVEL = "-O";
				VALIDATE_PRODUCT = YES;
			};
			name = Release;
		};
		910B92632962D95100CE6912 /* Debug */ = {
			isa = XCBuildConfiguration;
			baseConfigurationReference = 910B927E296D5DFF00CE6912 /* Config.xcconfig */;
			buildSettings = {
				ASSETCATALOG_COMPILER_APPICON_NAME = AppIcon;
				ASSETCATALOG_COMPILER_GLOBAL_ACCENT_COLOR_NAME = AccentColor;
				CODE_SIGN_STYLE = Automatic;
				CURRENT_PROJECT_VERSION = 1;
				DEVELOPMENT_ASSET_PATHS = "\"Foozy/Preview Content\"";
				DEVELOPMENT_TEAM = VZ42KUKVJT;
				ENABLE_PREVIEWS = YES;
				GENERATE_INFOPLIST_FILE = YES;
				INFOPLIST_FILE = Foozy/Info.plist;
				INFOPLIST_KEY_LSApplicationCategoryType = "public.app-category.food-and-drink";
				INFOPLIST_KEY_UIApplicationSceneManifest_Generation = YES;
				INFOPLIST_KEY_UIApplicationSupportsIndirectInputEvents = YES;
				INFOPLIST_KEY_UILaunchScreen_Generation = YES;
				INFOPLIST_KEY_UISupportedInterfaceOrientations = UIInterfaceOrientationPortrait;
				INFOPLIST_KEY_UIUserInterfaceStyle = Light;
				"INFOPLIST_KEY_UIUserInterfaceStyle[sdk=*]" = Light;
				IPHONEOS_DEPLOYMENT_TARGET = 15.0;
				LD_RUNPATH_SEARCH_PATHS = (
					"$(inherited)",
					"@executable_path/Frameworks",
				);
				MARKETING_VERSION = 1.0;
				PRODUCT_BUNDLE_IDENTIFIER = com.foozy.Foozy;
				PRODUCT_NAME = "$(TARGET_NAME)";
				SUPPORTED_PLATFORMS = "iphoneos iphonesimulator";
				SUPPORTS_MACCATALYST = NO;
				SUPPORTS_MAC_DESIGNED_FOR_IPHONE_IPAD = NO;
				SWIFT_EMIT_LOC_STRINGS = YES;
				SWIFT_VERSION = 5.0;
				TARGETED_DEVICE_FAMILY = 1;
			};
			name = Debug;
		};
		910B92642962D95100CE6912 /* Release */ = {
			isa = XCBuildConfiguration;
			baseConfigurationReference = 910B927E296D5DFF00CE6912 /* Config.xcconfig */;
			buildSettings = {
				ASSETCATALOG_COMPILER_APPICON_NAME = AppIcon;
				ASSETCATALOG_COMPILER_GLOBAL_ACCENT_COLOR_NAME = AccentColor;
				CODE_SIGN_STYLE = Automatic;
				CURRENT_PROJECT_VERSION = 1;
				DEVELOPMENT_ASSET_PATHS = "\"Foozy/Preview Content\"";
				DEVELOPMENT_TEAM = VZ42KUKVJT;
				ENABLE_PREVIEWS = YES;
				GENERATE_INFOPLIST_FILE = YES;
				INFOPLIST_FILE = Foozy/Info.plist;
				INFOPLIST_KEY_LSApplicationCategoryType = "public.app-category.food-and-drink";
				INFOPLIST_KEY_UIApplicationSceneManifest_Generation = YES;
				INFOPLIST_KEY_UIApplicationSupportsIndirectInputEvents = YES;
				INFOPLIST_KEY_UILaunchScreen_Generation = YES;
				INFOPLIST_KEY_UISupportedInterfaceOrientations = UIInterfaceOrientationPortrait;
				INFOPLIST_KEY_UIUserInterfaceStyle = Light;
				IPHONEOS_DEPLOYMENT_TARGET = 15.0;
				LD_RUNPATH_SEARCH_PATHS = (
					"$(inherited)",
					"@executable_path/Frameworks",
				);
				MARKETING_VERSION = 1.0;
				PRODUCT_BUNDLE_IDENTIFIER = com.foozy.Foozy;
				PRODUCT_NAME = "$(TARGET_NAME)";
				SUPPORTED_PLATFORMS = "iphoneos iphonesimulator";
				SUPPORTS_MACCATALYST = NO;
				SUPPORTS_MAC_DESIGNED_FOR_IPHONE_IPAD = NO;
				SWIFT_EMIT_LOC_STRINGS = YES;
				SWIFT_VERSION = 5.0;
				TARGETED_DEVICE_FAMILY = 1;
			};
			name = Release;
		};
		910B92662962D95100CE6912 /* Debug */ = {
			isa = XCBuildConfiguration;
			buildSettings = {
				ALWAYS_EMBED_SWIFT_STANDARD_LIBRARIES = YES;
				BUNDLE_LOADER = "$(TEST_HOST)";
				CODE_SIGN_STYLE = Automatic;
				CURRENT_PROJECT_VERSION = 1;
				DEVELOPMENT_TEAM = VZ42KUKVJT;
				GENERATE_INFOPLIST_FILE = YES;
				IPHONEOS_DEPLOYMENT_TARGET = 16.2;
				MARKETING_VERSION = 1.0;
				PRODUCT_BUNDLE_IDENTIFIER = com.foozy.FoozyTests;
				PRODUCT_NAME = "$(TARGET_NAME)";
				SWIFT_EMIT_LOC_STRINGS = NO;
				SWIFT_VERSION = 5.0;
				TARGETED_DEVICE_FAMILY = "1,2";
				TEST_HOST = "$(BUILT_PRODUCTS_DIR)/Foozy.app/$(BUNDLE_EXECUTABLE_FOLDER_PATH)/Foozy";
			};
			name = Debug;
		};
		910B92672962D95100CE6912 /* Release */ = {
			isa = XCBuildConfiguration;
			buildSettings = {
				ALWAYS_EMBED_SWIFT_STANDARD_LIBRARIES = YES;
				BUNDLE_LOADER = "$(TEST_HOST)";
				CODE_SIGN_STYLE = Automatic;
				CURRENT_PROJECT_VERSION = 1;
				DEVELOPMENT_TEAM = VZ42KUKVJT;
				GENERATE_INFOPLIST_FILE = YES;
				IPHONEOS_DEPLOYMENT_TARGET = 16.2;
				MARKETING_VERSION = 1.0;
				PRODUCT_BUNDLE_IDENTIFIER = com.foozy.FoozyTests;
				PRODUCT_NAME = "$(TARGET_NAME)";
				SWIFT_EMIT_LOC_STRINGS = NO;
				SWIFT_VERSION = 5.0;
				TARGETED_DEVICE_FAMILY = "1,2";
				TEST_HOST = "$(BUILT_PRODUCTS_DIR)/Foozy.app/$(BUNDLE_EXECUTABLE_FOLDER_PATH)/Foozy";
			};
			name = Release;
		};
		910B92692962D95100CE6912 /* Debug */ = {
			isa = XCBuildConfiguration;
			buildSettings = {
				ALWAYS_EMBED_SWIFT_STANDARD_LIBRARIES = YES;
				CODE_SIGN_STYLE = Automatic;
				CURRENT_PROJECT_VERSION = 1;
				DEVELOPMENT_TEAM = VZ42KUKVJT;
				GENERATE_INFOPLIST_FILE = YES;
				MARKETING_VERSION = 1.0;
				PRODUCT_BUNDLE_IDENTIFIER = com.foozy.FoozyUITests;
				PRODUCT_NAME = "$(TARGET_NAME)";
				SWIFT_EMIT_LOC_STRINGS = NO;
				SWIFT_VERSION = 5.0;
				TARGETED_DEVICE_FAMILY = "1,2";
				TEST_TARGET_NAME = Foozy;
			};
			name = Debug;
		};
		910B926A2962D95100CE6912 /* Release */ = {
			isa = XCBuildConfiguration;
			buildSettings = {
				ALWAYS_EMBED_SWIFT_STANDARD_LIBRARIES = YES;
				CODE_SIGN_STYLE = Automatic;
				CURRENT_PROJECT_VERSION = 1;
				DEVELOPMENT_TEAM = VZ42KUKVJT;
				GENERATE_INFOPLIST_FILE = YES;
				MARKETING_VERSION = 1.0;
				PRODUCT_BUNDLE_IDENTIFIER = com.foozy.FoozyUITests;
				PRODUCT_NAME = "$(TARGET_NAME)";
				SWIFT_EMIT_LOC_STRINGS = NO;
				SWIFT_VERSION = 5.0;
				TARGETED_DEVICE_FAMILY = "1,2";
				TEST_TARGET_NAME = Foozy;
			};
			name = Release;
		};
/* End XCBuildConfiguration section */

/* Begin XCConfigurationList section */
		910B92392962D94F00CE6912 /* Build configuration list for PBXProject "Foozy" */ = {
			isa = XCConfigurationList;
			buildConfigurations = (
				910B92602962D95100CE6912 /* Debug */,
				910B92612962D95100CE6912 /* Release */,
			);
			defaultConfigurationIsVisible = 0;
			defaultConfigurationName = Release;
		};
		910B92622962D95100CE6912 /* Build configuration list for PBXNativeTarget "Foozy" */ = {
			isa = XCConfigurationList;
			buildConfigurations = (
				910B92632962D95100CE6912 /* Debug */,
				910B92642962D95100CE6912 /* Release */,
			);
			defaultConfigurationIsVisible = 0;
			defaultConfigurationName = Release;
		};
		910B92652962D95100CE6912 /* Build configuration list for PBXNativeTarget "FoozyTests" */ = {
			isa = XCConfigurationList;
			buildConfigurations = (
				910B92662962D95100CE6912 /* Debug */,
				910B92672962D95100CE6912 /* Release */,
			);
			defaultConfigurationIsVisible = 0;
			defaultConfigurationName = Release;
		};
		910B92682962D95100CE6912 /* Build configuration list for PBXNativeTarget "FoozyUITests" */ = {
			isa = XCConfigurationList;
			buildConfigurations = (
				910B92692962D95100CE6912 /* Debug */,
				910B926A2962D95100CE6912 /* Release */,
			);
			defaultConfigurationIsVisible = 0;
			defaultConfigurationName = Release;
		};
/* End XCConfigurationList section */
	};
	rootObject = 910B92362962D94F00CE6912 /* Project object */;
}
