// !$*UTF8*$!
{
	archiveVersion = 1;
	classes = {
	};
	objectVersion = 55;
	objects = {

/* Begin PBXBuildFile section */
		915CE91B273CF3FE00D1125A /* FoozyApp.swift in Sources */ = {isa = PBXBuildFile; fileRef = 915CE91A273CF3FE00D1125A /* FoozyApp.swift */; };
		915CE91D273CF3FE00D1125A /* ContentView.swift in Sources */ = {isa = PBXBuildFile; fileRef = 915CE91C273CF3FE00D1125A /* ContentView.swift */; };
		915CE91F273CF3FF00D1125A /* Assets.xcassets in Resources */ = {isa = PBXBuildFile; fileRef = 915CE91E273CF3FF00D1125A /* Assets.xcassets */; };
		915CE922273CF3FF00D1125A /* Preview Assets.xcassets in Resources */ = {isa = PBXBuildFile; fileRef = 915CE921273CF3FF00D1125A /* Preview Assets.xcassets */; };
		915CE924273CF3FF00D1125A /* Persistence.swift in Sources */ = {isa = PBXBuildFile; fileRef = 915CE923273CF3FF00D1125A /* Persistence.swift */; };
		915CE927273CF3FF00D1125A /* Foozy.xcdatamodeld in Sources */ = {isa = PBXBuildFile; fileRef = 915CE925273CF3FF00D1125A /* Foozy.xcdatamodeld */; };
		915CE931273CF3FF00D1125A /* FoozyTests.swift in Sources */ = {isa = PBXBuildFile; fileRef = 915CE930273CF3FF00D1125A /* FoozyTests.swift */; };
		915CE93B273CF3FF00D1125A /* FoozyUITests.swift in Sources */ = {isa = PBXBuildFile; fileRef = 915CE93A273CF3FF00D1125A /* FoozyUITests.swift */; };
		915CE93D273CF3FF00D1125A /* FoozyUITestsLaunchTests.swift in Sources */ = {isa = PBXBuildFile; fileRef = 915CE93C273CF3FF00D1125A /* FoozyUITestsLaunchTests.swift */; };
/* End PBXBuildFile section */

/* Begin PBXContainerItemProxy section */
		915CE92D273CF3FF00D1125A /* PBXContainerItemProxy */ = {
			isa = PBXContainerItemProxy;
			containerPortal = 915CE90F273CF3FE00D1125A /* Project object */;
			proxyType = 1;
			remoteGlobalIDString = 915CE916273CF3FE00D1125A;
			remoteInfo = Foozy;
		};
		915CE937273CF3FF00D1125A /* PBXContainerItemProxy */ = {
			isa = PBXContainerItemProxy;
			containerPortal = 915CE90F273CF3FE00D1125A /* Project object */;
			proxyType = 1;
			remoteGlobalIDString = 915CE916273CF3FE00D1125A;
			remoteInfo = Foozy;
		};
/* End PBXContainerItemProxy section */

/* Begin PBXFileReference section */
		915CE917273CF3FE00D1125A /* Foozy.app */ = {isa = PBXFileReference; explicitFileType = wrapper.application; includeInIndex = 0; path = Foozy.app; sourceTree = BUILT_PRODUCTS_DIR; };
		915CE91A273CF3FE00D1125A /* FoozyApp.swift */ = {isa = PBXFileReference; lastKnownFileType = sourcecode.swift; path = FoozyApp.swift; sourceTree = "<group>"; };
		915CE91C273CF3FE00D1125A /* ContentView.swift */ = {isa = PBXFileReference; lastKnownFileType = sourcecode.swift; path = ContentView.swift; sourceTree = "<group>"; };
		915CE91E273CF3FF00D1125A /* Assets.xcassets */ = {isa = PBXFileReference; lastKnownFileType = folder.assetcatalog; path = Assets.xcassets; sourceTree = "<group>"; };
		915CE921273CF3FF00D1125A /* Preview Assets.xcassets */ = {isa = PBXFileReference; lastKnownFileType = folder.assetcatalog; path = "Preview Assets.xcassets"; sourceTree = "<group>"; };
		915CE923273CF3FF00D1125A /* Persistence.swift */ = {isa = PBXFileReference; lastKnownFileType = sourcecode.swift; path = Persistence.swift; sourceTree = "<group>"; };
		915CE926273CF3FF00D1125A /* Foozy.xcdatamodel */ = {isa = PBXFileReference; lastKnownFileType = wrapper.xcdatamodel; path = Foozy.xcdatamodel; sourceTree = "<group>"; };
		915CE92C273CF3FF00D1125A /* FoozyTests.xctest */ = {isa = PBXFileReference; explicitFileType = wrapper.cfbundle; includeInIndex = 0; path = FoozyTests.xctest; sourceTree = BUILT_PRODUCTS_DIR; };
		915CE930273CF3FF00D1125A /* FoozyTests.swift */ = {isa = PBXFileReference; lastKnownFileType = sourcecode.swift; path = FoozyTests.swift; sourceTree = "<group>"; };
		915CE936273CF3FF00D1125A /* FoozyUITests.xctest */ = {isa = PBXFileReference; explicitFileType = wrapper.cfbundle; includeInIndex = 0; path = FoozyUITests.xctest; sourceTree = BUILT_PRODUCTS_DIR; };
		915CE93A273CF3FF00D1125A /* FoozyUITests.swift */ = {isa = PBXFileReference; lastKnownFileType = sourcecode.swift; path = FoozyUITests.swift; sourceTree = "<group>"; };
		915CE93C273CF3FF00D1125A /* FoozyUITestsLaunchTests.swift */ = {isa = PBXFileReference; lastKnownFileType = sourcecode.swift; path = FoozyUITestsLaunchTests.swift; sourceTree = "<group>"; };
/* End PBXFileReference section */

/* Begin PBXFrameworksBuildPhase section */
		915CE914273CF3FE00D1125A /* Frameworks */ = {
			isa = PBXFrameworksBuildPhase;
			buildActionMask = 2147483647;
			files = (
			);
			runOnlyForDeploymentPostprocessing = 0;
		};
		915CE929273CF3FF00D1125A /* Frameworks */ = {
			isa = PBXFrameworksBuildPhase;
			buildActionMask = 2147483647;
			files = (
			);
			runOnlyForDeploymentPostprocessing = 0;
		};
		915CE933273CF3FF00D1125A /* Frameworks */ = {
			isa = PBXFrameworksBuildPhase;
			buildActionMask = 2147483647;
			files = (
			);
			runOnlyForDeploymentPostprocessing = 0;
		};
/* End PBXFrameworksBuildPhase section */

/* Begin PBXGroup section */
		915CE90E273CF3FE00D1125A = {
			isa = PBXGroup;
			children = (
				915CE919273CF3FE00D1125A /* Foozy */,
				915CE92F273CF3FF00D1125A /* FoozyTests */,
				915CE939273CF3FF00D1125A /* FoozyUITests */,
				915CE918273CF3FE00D1125A /* Products */,
			);
			sourceTree = "<group>";
		};
		915CE918273CF3FE00D1125A /* Products */ = {
			isa = PBXGroup;
			children = (
				915CE917273CF3FE00D1125A /* Foozy.app */,
				915CE92C273CF3FF00D1125A /* FoozyTests.xctest */,
				915CE936273CF3FF00D1125A /* FoozyUITests.xctest */,
			);
			name = Products;
			sourceTree = "<group>";
		};
		915CE919273CF3FE00D1125A /* Foozy */ = {
			isa = PBXGroup;
			children = (
				915CE91A273CF3FE00D1125A /* FoozyApp.swift */,
				915CE91C273CF3FE00D1125A /* ContentView.swift */,
				915CE91E273CF3FF00D1125A /* Assets.xcassets */,
				915CE923273CF3FF00D1125A /* Persistence.swift */,
				915CE925273CF3FF00D1125A /* Foozy.xcdatamodeld */,
				915CE920273CF3FF00D1125A /* Preview Content */,
			);
			path = Foozy;
			sourceTree = "<group>";
		};
		915CE920273CF3FF00D1125A /* Preview Content */ = {
			isa = PBXGroup;
			children = (
				915CE921273CF3FF00D1125A /* Preview Assets.xcassets */,
			);
			path = "Preview Content";
			sourceTree = "<group>";
		};
		915CE92F273CF3FF00D1125A /* FoozyTests */ = {
			isa = PBXGroup;
			children = (
				915CE930273CF3FF00D1125A /* FoozyTests.swift */,
			);
			path = FoozyTests;
			sourceTree = "<group>";
		};
		915CE939273CF3FF00D1125A /* FoozyUITests */ = {
			isa = PBXGroup;
			children = (
				915CE93A273CF3FF00D1125A /* FoozyUITests.swift */,
				915CE93C273CF3FF00D1125A /* FoozyUITestsLaunchTests.swift */,
			);
			path = FoozyUITests;
			sourceTree = "<group>";
		};
/* End PBXGroup section */

/* Begin PBXNativeTarget section */
		915CE916273CF3FE00D1125A /* Foozy */ = {
			isa = PBXNativeTarget;
			buildConfigurationList = 915CE940273CF3FF00D1125A /* Build configuration list for PBXNativeTarget "Foozy" */;
			buildPhases = (
				915CE913273CF3FE00D1125A /* Sources */,
				915CE914273CF3FE00D1125A /* Frameworks */,
				915CE915273CF3FE00D1125A /* Resources */,
			);
			buildRules = (
			);
			dependencies = (
			);
			name = Foozy;
			productName = Foozy;
			productReference = 915CE917273CF3FE00D1125A /* Foozy.app */;
			productType = "com.apple.product-type.application";
		};
		915CE92B273CF3FF00D1125A /* FoozyTests */ = {
			isa = PBXNativeTarget;
			buildConfigurationList = 915CE943273CF3FF00D1125A /* Build configuration list for PBXNativeTarget "FoozyTests" */;
			buildPhases = (
				915CE928273CF3FF00D1125A /* Sources */,
				915CE929273CF3FF00D1125A /* Frameworks */,
				915CE92A273CF3FF00D1125A /* Resources */,
			);
			buildRules = (
			);
			dependencies = (
				915CE92E273CF3FF00D1125A /* PBXTargetDependency */,
			);
			name = FoozyTests;
			productName = FoozyTests;
			productReference = 915CE92C273CF3FF00D1125A /* FoozyTests.xctest */;
			productType = "com.apple.product-type.bundle.unit-test";
		};
		915CE935273CF3FF00D1125A /* FoozyUITests */ = {
			isa = PBXNativeTarget;
			buildConfigurationList = 915CE946273CF3FF00D1125A /* Build configuration list for PBXNativeTarget "FoozyUITests" */;
			buildPhases = (
				915CE932273CF3FF00D1125A /* Sources */,
				915CE933273CF3FF00D1125A /* Frameworks */,
				915CE934273CF3FF00D1125A /* Resources */,
			);
			buildRules = (
			);
			dependencies = (
				915CE938273CF3FF00D1125A /* PBXTargetDependency */,
			);
			name = FoozyUITests;
			productName = FoozyUITests;
			productReference = 915CE936273CF3FF00D1125A /* FoozyUITests.xctest */;
			productType = "com.apple.product-type.bundle.ui-testing";
		};
/* End PBXNativeTarget section */

/* Begin PBXProject section */
		915CE90F273CF3FE00D1125A /* Project object */ = {
			isa = PBXProject;
			attributes = {
				BuildIndependentTargetsInParallel = 1;
				LastSwiftUpdateCheck = 1310;
				LastUpgradeCheck = 1310;
				TargetAttributes = {
					915CE916273CF3FE00D1125A = {
						CreatedOnToolsVersion = 13.1;
					};
					915CE92B273CF3FF00D1125A = {
						CreatedOnToolsVersion = 13.1;
						TestTargetID = 915CE916273CF3FE00D1125A;
					};
					915CE935273CF3FF00D1125A = {
						CreatedOnToolsVersion = 13.1;
						TestTargetID = 915CE916273CF3FE00D1125A;
					};
				};
			};
			buildConfigurationList = 915CE912273CF3FE00D1125A /* Build configuration list for PBXProject "Foozy" */;
			compatibilityVersion = "Xcode 13.0";
			developmentRegion = en;
			hasScannedForEncodings = 0;
			knownRegions = (
				en,
				Base,
			);
			mainGroup = 915CE90E273CF3FE00D1125A;
			productRefGroup = 915CE918273CF3FE00D1125A /* Products */;
			projectDirPath = "";
			projectRoot = "";
			targets = (
				915CE916273CF3FE00D1125A /* Foozy */,
				915CE92B273CF3FF00D1125A /* FoozyTests */,
				915CE935273CF3FF00D1125A /* FoozyUITests */,
			);
		};
/* End PBXProject section */

/* Begin PBXResourcesBuildPhase section */
		915CE915273CF3FE00D1125A /* Resources */ = {
			isa = PBXResourcesBuildPhase;
			buildActionMask = 2147483647;
			files = (
				915CE922273CF3FF00D1125A /* Preview Assets.xcassets in Resources */,
				915CE91F273CF3FF00D1125A /* Assets.xcassets in Resources */,
			);
			runOnlyForDeploymentPostprocessing = 0;
		};
		915CE92A273CF3FF00D1125A /* Resources */ = {
			isa = PBXResourcesBuildPhase;
			buildActionMask = 2147483647;
			files = (
			);
			runOnlyForDeploymentPostprocessing = 0;
		};
		915CE934273CF3FF00D1125A /* Resources */ = {
			isa = PBXResourcesBuildPhase;
			buildActionMask = 2147483647;
			files = (
			);
			runOnlyForDeploymentPostprocessing = 0;
		};
/* End PBXResourcesBuildPhase section */

/* Begin PBXSourcesBuildPhase section */
		915CE913273CF3FE00D1125A /* Sources */ = {
			isa = PBXSourcesBuildPhase;
			buildActionMask = 2147483647;
			files = (
				915CE924273CF3FF00D1125A /* Persistence.swift in Sources */,
				915CE927273CF3FF00D1125A /* Foozy.xcdatamodeld in Sources */,
				915CE91D273CF3FE00D1125A /* ContentView.swift in Sources */,
				915CE91B273CF3FE00D1125A /* FoozyApp.swift in Sources */,
			);
			runOnlyForDeploymentPostprocessing = 0;
		};
		915CE928273CF3FF00D1125A /* Sources */ = {
			isa = PBXSourcesBuildPhase;
			buildActionMask = 2147483647;
			files = (
				915CE931273CF3FF00D1125A /* FoozyTests.swift in Sources */,
			);
			runOnlyForDeploymentPostprocessing = 0;
		};
		915CE932273CF3FF00D1125A /* Sources */ = {
			isa = PBXSourcesBuildPhase;
			buildActionMask = 2147483647;
			files = (
				915CE93D273CF3FF00D1125A /* FoozyUITestsLaunchTests.swift in Sources */,
				915CE93B273CF3FF00D1125A /* FoozyUITests.swift in Sources */,
			);
			runOnlyForDeploymentPostprocessing = 0;
		};
/* End PBXSourcesBuildPhase section */

/* Begin PBXTargetDependency section */
		915CE92E273CF3FF00D1125A /* PBXTargetDependency */ = {
			isa = PBXTargetDependency;
			target = 915CE916273CF3FE00D1125A /* Foozy */;
			targetProxy = 915CE92D273CF3FF00D1125A /* PBXContainerItemProxy */;
		};
		915CE938273CF3FF00D1125A /* PBXTargetDependency */ = {
			isa = PBXTargetDependency;
			target = 915CE916273CF3FE00D1125A /* Foozy */;
			targetProxy = 915CE937273CF3FF00D1125A /* PBXContainerItemProxy */;
		};
/* End PBXTargetDependency section */

/* Begin XCBuildConfiguration section */
		915CE93E273CF3FF00D1125A /* Debug */ = {
			isa = XCBuildConfiguration;
			buildSettings = {
				ALWAYS_SEARCH_USER_PATHS = NO;
				CLANG_ANALYZER_NONNULL = YES;
				CLANG_ANALYZER_NUMBER_OBJECT_CONVERSION = YES_AGGRESSIVE;
				CLANG_CXX_LANGUAGE_STANDARD = "gnu++17";
				CLANG_CXX_LIBRARY = "libc++";
				CLANG_ENABLE_MODULES = YES;
				CLANG_ENABLE_OBJC_ARC = YES;
				CLANG_ENABLE_OBJC_WEAK = YES;
				CLANG_WARN_BLOCK_CAPTURE_AUTORELEASING = YES;
				CLANG_WARN_BOOL_CONVERSION = YES;
				CLANG_WARN_COMMA = YES;
				CLANG_WARN_CONSTANT_CONVERSION = YES;
				CLANG_WARN_DEPRECATED_OBJC_IMPLEMENTATIONS = YES;
				CLANG_WARN_DIRECT_OBJC_ISA_USAGE = YES_ERROR;
				CLANG_WARN_DOCUMENTATION_COMMENTS = YES;
				CLANG_WARN_EMPTY_BODY = YES;
				CLANG_WARN_ENUM_CONVERSION = YES;
				CLANG_WARN_INFINITE_RECURSION = YES;
				CLANG_WARN_INT_CONVERSION = YES;
				CLANG_WARN_NON_LITERAL_NULL_CONVERSION = YES;
				CLANG_WARN_OBJC_IMPLICIT_RETAIN_SELF = YES;
				CLANG_WARN_OBJC_LITERAL_CONVERSION = YES;
				CLANG_WARN_OBJC_ROOT_CLASS = YES_ERROR;
				CLANG_WARN_QUOTED_INCLUDE_IN_FRAMEWORK_HEADER = YES;
				CLANG_WARN_RANGE_LOOP_ANALYSIS = YES;
				CLANG_WARN_STRICT_PROTOTYPES = YES;
				CLANG_WARN_SUSPICIOUS_MOVE = YES;
				CLANG_WARN_UNGUARDED_AVAILABILITY = YES_AGGRESSIVE;
				CLANG_WARN_UNREACHABLE_CODE = YES;
				CLANG_WARN__DUPLICATE_METHOD_MATCH = YES;
				COPY_PHASE_STRIP = NO;
				DEBUG_INFORMATION_FORMAT = dwarf;
				ENABLE_STRICT_OBJC_MSGSEND = YES;
				ENABLE_TESTABILITY = YES;
				GCC_C_LANGUAGE_STANDARD = gnu11;
				GCC_DYNAMIC_NO_PIC = NO;
				GCC_NO_COMMON_BLOCKS = YES;
				GCC_OPTIMIZATION_LEVEL = 0;
				GCC_PREPROCESSOR_DEFINITIONS = (
					"DEBUG=1",
					"$(inherited)",
				);
				GCC_WARN_64_TO_32_BIT_CONVERSION = YES;
				GCC_WARN_ABOUT_RETURN_TYPE = YES_ERROR;
				GCC_WARN_UNDECLARED_SELECTOR = YES;
				GCC_WARN_UNINITIALIZED_AUTOS = YES_AGGRESSIVE;
				GCC_WARN_UNUSED_FUNCTION = YES;
				GCC_WARN_UNUSED_VARIABLE = YES;
				IPHONEOS_DEPLOYMENT_TARGET = 15.0;
				MTL_ENABLE_DEBUG_INFO = INCLUDE_SOURCE;
				MTL_FAST_MATH = YES;
				ONLY_ACTIVE_ARCH = YES;
				SDKROOT = iphoneos;
				SWIFT_ACTIVE_COMPILATION_CONDITIONS = DEBUG;
				SWIFT_OPTIMIZATION_LEVEL = "-Onone";
			};
			name = Debug;
		};
		915CE93F273CF3FF00D1125A /* Release */ = {
			isa = XCBuildConfiguration;
			buildSettings = {
				ALWAYS_SEARCH_USER_PATHS = NO;
				CLANG_ANALYZER_NONNULL = YES;
				CLANG_ANALYZER_NUMBER_OBJECT_CONVERSION = YES_AGGRESSIVE;
				CLANG_CXX_LANGUAGE_STANDARD = "gnu++17";
				CLANG_CXX_LIBRARY = "libc++";
				CLANG_ENABLE_MODULES = YES;
				CLANG_ENABLE_OBJC_ARC = YES;
				CLANG_ENABLE_OBJC_WEAK = YES;
				CLANG_WARN_BLOCK_CAPTURE_AUTORELEASING = YES;
				CLANG_WARN_BOOL_CONVERSION = YES;
				CLANG_WARN_COMMA = YES;
				CLANG_WARN_CONSTANT_CONVERSION = YES;
				CLANG_WARN_DEPRECATED_OBJC_IMPLEMENTATIONS = YES;
				CLANG_WARN_DIRECT_OBJC_ISA_USAGE = YES_ERROR;
				CLANG_WARN_DOCUMENTATION_COMMENTS = YES;
				CLANG_WARN_EMPTY_BODY = YES;
				CLANG_WARN_ENUM_CONVERSION = YES;
				CLANG_WARN_INFINITE_RECURSION = YES;
				CLANG_WARN_INT_CONVERSION = YES;
				CLANG_WARN_NON_LITERAL_NULL_CONVERSION = YES;
				CLANG_WARN_OBJC_IMPLICIT_RETAIN_SELF = YES;
				CLANG_WARN_OBJC_LITERAL_CONVERSION = YES;
				CLANG_WARN_OBJC_ROOT_CLASS = YES_ERROR;
				CLANG_WARN_QUOTED_INCLUDE_IN_FRAMEWORK_HEADER = YES;
				CLANG_WARN_RANGE_LOOP_ANALYSIS = YES;
				CLANG_WARN_STRICT_PROTOTYPES = YES;
				CLANG_WARN_SUSPICIOUS_MOVE = YES;
				CLANG_WARN_UNGUARDED_AVAILABILITY = YES_AGGRESSIVE;
				CLANG_WARN_UNREACHABLE_CODE = YES;
				CLANG_WARN__DUPLICATE_METHOD_MATCH = YES;
				COPY_PHASE_STRIP = NO;
				DEBUG_INFORMATION_FORMAT = "dwarf-with-dsym";
				ENABLE_NS_ASSERTIONS = NO;
				ENABLE_STRICT_OBJC_MSGSEND = YES;
				GCC_C_LANGUAGE_STANDARD = gnu11;
				GCC_NO_COMMON_BLOCKS = YES;
				GCC_WARN_64_TO_32_BIT_CONVERSION = YES;
				GCC_WARN_ABOUT_RETURN_TYPE = YES_ERROR;
				GCC_WARN_UNDECLARED_SELECTOR = YES;
				GCC_WARN_UNINITIALIZED_AUTOS = YES_AGGRESSIVE;
				GCC_WARN_UNUSED_FUNCTION = YES;
				GCC_WARN_UNUSED_VARIABLE = YES;
				IPHONEOS_DEPLOYMENT_TARGET = 15.0;
				MTL_ENABLE_DEBUG_INFO = NO;
				MTL_FAST_MATH = YES;
				SDKROOT = iphoneos;
				SWIFT_COMPILATION_MODE = wholemodule;
				SWIFT_OPTIMIZATION_LEVEL = "-O";
				VALIDATE_PRODUCT = YES;
			};
			name = Release;
		};
		915CE941273CF3FF00D1125A /* Debug */ = {
			isa = XCBuildConfiguration;
			buildSettings = {
				ASSETCATALOG_COMPILER_APPICON_NAME = AppIcon;
				ASSETCATALOG_COMPILER_GLOBAL_ACCENT_COLOR_NAME = AccentColor;
				CODE_SIGN_STYLE = Automatic;
				CURRENT_PROJECT_VERSION = 1;
				DEVELOPMENT_ASSET_PATHS = "\"Foozy/Preview Content\"";
				DEVELOPMENT_TEAM = BZ7QMGUV48;
				ENABLE_PREVIEWS = YES;
				GENERATE_INFOPLIST_FILE = YES;
				INFOPLIST_KEY_UIApplicationSceneManifest_Generation = YES;
				INFOPLIST_KEY_UIApplicationSupportsIndirectInputEvents = YES;
				INFOPLIST_KEY_UILaunchScreen_Generation = YES;
				INFOPLIST_KEY_UISupportedInterfaceOrientations_iPad = "UIInterfaceOrientationPortrait UIInterfaceOrientationPortraitUpsideDown UIInterfaceOrientationLandscapeLeft UIInterfaceOrientationLandscapeRight";
				INFOPLIST_KEY_UISupportedInterfaceOrientations_iPhone = "UIInterfaceOrientationPortrait UIInterfaceOrientationLandscapeLeft UIInterfaceOrientationLandscapeRight";
				LD_RUNPATH_SEARCH_PATHS = (
					"$(inherited)",
					"@executable_path/Frameworks",
				);
				MARKETING_VERSION = 1.0;
				PRODUCT_BUNDLE_IDENTIFIER = com.jeffdeng.Foozy;
				PRODUCT_NAME = "$(TARGET_NAME)";
				SWIFT_EMIT_LOC_STRINGS = YES;
				SWIFT_VERSION = 5.0;
				TARGETED_DEVICE_FAMILY = "1,2";
			};
			name = Debug;
		};
		915CE942273CF3FF00D1125A /* Release */ = {
			isa = XCBuildConfiguration;
			buildSettings = {
				ASSETCATALOG_COMPILER_APPICON_NAME = AppIcon;
				ASSETCATALOG_COMPILER_GLOBAL_ACCENT_COLOR_NAME = AccentColor;
				CODE_SIGN_STYLE = Automatic;
				CURRENT_PROJECT_VERSION = 1;
				DEVELOPMENT_ASSET_PATHS = "\"Foozy/Preview Content\"";
				DEVELOPMENT_TEAM = BZ7QMGUV48;
				ENABLE_PREVIEWS = YES;
				GENERATE_INFOPLIST_FILE = YES;
				INFOPLIST_KEY_UIApplicationSceneManifest_Generation = YES;
				INFOPLIST_KEY_UIApplicationSupportsIndirectInputEvents = YES;
				INFOPLIST_KEY_UILaunchScreen_Generation = YES;
				INFOPLIST_KEY_UISupportedInterfaceOrientations_iPad = "UIInterfaceOrientationPortrait UIInterfaceOrientationPortraitUpsideDown UIInterfaceOrientationLandscapeLeft UIInterfaceOrientationLandscapeRight";
				INFOPLIST_KEY_UISupportedInterfaceOrientations_iPhone = "UIInterfaceOrientationPortrait UIInterfaceOrientationLandscapeLeft UIInterfaceOrientationLandscapeRight";
				LD_RUNPATH_SEARCH_PATHS = (
					"$(inherited)",
					"@executable_path/Frameworks",
				);
				MARKETING_VERSION = 1.0;
				PRODUCT_BUNDLE_IDENTIFIER = com.jeffdeng.Foozy;
				PRODUCT_NAME = "$(TARGET_NAME)";
				SWIFT_EMIT_LOC_STRINGS = YES;
				SWIFT_VERSION = 5.0;
				TARGETED_DEVICE_FAMILY = "1,2";
			};
			name = Release;
		};
		915CE944273CF3FF00D1125A /* Debug */ = {
			isa = XCBuildConfiguration;
			buildSettings = {
				ALWAYS_EMBED_SWIFT_STANDARD_LIBRARIES = YES;
				BUNDLE_LOADER = "$(TEST_HOST)";
				CODE_SIGN_STYLE = Automatic;
				CURRENT_PROJECT_VERSION = 1;
				DEVELOPMENT_TEAM = BZ7QMGUV48;
				GENERATE_INFOPLIST_FILE = YES;
				IPHONEOS_DEPLOYMENT_TARGET = 15.0;
				LD_RUNPATH_SEARCH_PATHS = (
					"$(inherited)",
					"@executable_path/Frameworks",
					"@loader_path/Frameworks",
				);
				MARKETING_VERSION = 1.0;
				PRODUCT_BUNDLE_IDENTIFIER = com.jeffdeng.FoozyTests;
				PRODUCT_NAME = "$(TARGET_NAME)";
				SWIFT_EMIT_LOC_STRINGS = NO;
				SWIFT_VERSION = 5.0;
				TARGETED_DEVICE_FAMILY = "1,2";
				TEST_HOST = "$(BUILT_PRODUCTS_DIR)/Foozy.app/Foozy";
			};
			name = Debug;
		};
		915CE945273CF3FF00D1125A /* Release */ = {
			isa = XCBuildConfiguration;
			buildSettings = {
				ALWAYS_EMBED_SWIFT_STANDARD_LIBRARIES = YES;
				BUNDLE_LOADER = "$(TEST_HOST)";
				CODE_SIGN_STYLE = Automatic;
				CURRENT_PROJECT_VERSION = 1;
				DEVELOPMENT_TEAM = BZ7QMGUV48;
				GENERATE_INFOPLIST_FILE = YES;
				IPHONEOS_DEPLOYMENT_TARGET = 15.0;
				LD_RUNPATH_SEARCH_PATHS = (
					"$(inherited)",
					"@executable_path/Frameworks",
					"@loader_path/Frameworks",
				);
				MARKETING_VERSION = 1.0;
				PRODUCT_BUNDLE_IDENTIFIER = com.jeffdeng.FoozyTests;
				PRODUCT_NAME = "$(TARGET_NAME)";
				SWIFT_EMIT_LOC_STRINGS = NO;
				SWIFT_VERSION = 5.0;
				TARGETED_DEVICE_FAMILY = "1,2";
				TEST_HOST = "$(BUILT_PRODUCTS_DIR)/Foozy.app/Foozy";
			};
			name = Release;
		};
		915CE947273CF3FF00D1125A /* Debug */ = {
			isa = XCBuildConfiguration;
			buildSettings = {
				ALWAYS_EMBED_SWIFT_STANDARD_LIBRARIES = YES;
				CODE_SIGN_STYLE = Automatic;
				CURRENT_PROJECT_VERSION = 1;
				DEVELOPMENT_TEAM = BZ7QMGUV48;
				GENERATE_INFOPLIST_FILE = YES;
				LD_RUNPATH_SEARCH_PATHS = (
					"$(inherited)",
					"@executable_path/Frameworks",
					"@loader_path/Frameworks",
				);
				MARKETING_VERSION = 1.0;
				PRODUCT_BUNDLE_IDENTIFIER = com.jeffdeng.FoozyUITests;
				PRODUCT_NAME = "$(TARGET_NAME)";
				SWIFT_EMIT_LOC_STRINGS = NO;
				SWIFT_VERSION = 5.0;
				TARGETED_DEVICE_FAMILY = "1,2";
				TEST_TARGET_NAME = Foozy;
			};
			name = Debug;
		};
		915CE948273CF3FF00D1125A /* Release */ = {
			isa = XCBuildConfiguration;
			buildSettings = {
				ALWAYS_EMBED_SWIFT_STANDARD_LIBRARIES = YES;
				CODE_SIGN_STYLE = Automatic;
				CURRENT_PROJECT_VERSION = 1;
				DEVELOPMENT_TEAM = BZ7QMGUV48;
				GENERATE_INFOPLIST_FILE = YES;
				LD_RUNPATH_SEARCH_PATHS = (
					"$(inherited)",
					"@executable_path/Frameworks",
					"@loader_path/Frameworks",
				);
				MARKETING_VERSION = 1.0;
				PRODUCT_BUNDLE_IDENTIFIER = com.jeffdeng.FoozyUITests;
				PRODUCT_NAME = "$(TARGET_NAME)";
				SWIFT_EMIT_LOC_STRINGS = NO;
				SWIFT_VERSION = 5.0;
				TARGETED_DEVICE_FAMILY = "1,2";
				TEST_TARGET_NAME = Foozy;
			};
			name = Release;
		};
/* End XCBuildConfiguration section */

/* Begin XCConfigurationList section */
		915CE912273CF3FE00D1125A /* Build configuration list for PBXProject "Foozy" */ = {
			isa = XCConfigurationList;
			buildConfigurations = (
				915CE93E273CF3FF00D1125A /* Debug */,
				915CE93F273CF3FF00D1125A /* Release */,
			);
			defaultConfigurationIsVisible = 0;
			defaultConfigurationName = Release;
		};
		915CE940273CF3FF00D1125A /* Build configuration list for PBXNativeTarget "Foozy" */ = {
			isa = XCConfigurationList;
			buildConfigurations = (
				915CE941273CF3FF00D1125A /* Debug */,
				915CE942273CF3FF00D1125A /* Release */,
			);
			defaultConfigurationIsVisible = 0;
			defaultConfigurationName = Release;
		};
		915CE943273CF3FF00D1125A /* Build configuration list for PBXNativeTarget "FoozyTests" */ = {
			isa = XCConfigurationList;
			buildConfigurations = (
				915CE944273CF3FF00D1125A /* Debug */,
				915CE945273CF3FF00D1125A /* Release */,
			);
			defaultConfigurationIsVisible = 0;
			defaultConfigurationName = Release;
		};
		915CE946273CF3FF00D1125A /* Build configuration list for PBXNativeTarget "FoozyUITests" */ = {
			isa = XCConfigurationList;
			buildConfigurations = (
				915CE947273CF3FF00D1125A /* Debug */,
				915CE948273CF3FF00D1125A /* Release */,
			);
			defaultConfigurationIsVisible = 0;
			defaultConfigurationName = Release;
		};
/* End XCConfigurationList section */

/* Begin XCVersionGroup section */
		915CE925273CF3FF00D1125A /* Foozy.xcdatamodeld */ = {
			isa = XCVersionGroup;
			children = (
				915CE926273CF3FF00D1125A /* Foozy.xcdatamodel */,
			);
			currentVersion = 915CE926273CF3FF00D1125A /* Foozy.xcdatamodel */;
			path = Foozy.xcdatamodeld;
			sourceTree = "<group>";
			versionGroupType = wrapper.xcdatamodel;
		};
/* End XCVersionGroup section */
	};
	rootObject = 915CE90F273CF3FE00D1125A /* Project object */;
}
